
Microsoft Visual Studio Solution File, Format Version 12.00
# Visual Studio Version 16
VisualStudioVersion = 16.0.29306.81
MinimumVisualStudioVersion = 10.0.40219.1
Project("{9A19103F-16F7-4668-BE54-9A1E7A4F7556}") = "ActorChain.Messages", "ActorChain.Messages\ActorChain.Messages.csproj", "{A58772A2-D17B-449C-AACC-AEFA6FB58B9A}"
EndProject
Project("{9A19103F-16F7-4668-BE54-9A1E7A4F7556}") = "ActorChain.SeedNode", "ActorChain.SeedNode\ActorChain.SeedNode.csproj", "{C3D49C0B-9CBB-47EF-B945-647431E582A9}"
EndProject
Project("{9A19103F-16F7-4668-BE54-9A1E7A4F7556}") = "ActorChain.Miner", "ActorChain.Miner\ActorChain.Miner.csproj", "{5BE3EB5E-A948-4F17-84E4-8B6F99D81A7C}"
EndProject
Project("{9A19103F-16F7-4668-BE54-9A1E7A4F7556}") = "ActorChain.Transactionist", "ActorChain.Transactionist\ActorChain.Transactionist.csproj", "{92E08204-CADC-489D-AB74-BD1BF435EC00}"
EndProject
Project("{9A19103F-16F7-4668-BE54-9A1E7A4F7556}") = "ActorChain.Dashboard", "ActorChain.Dashboard\ActorChain.Dashboard.csproj", "{A345100B-2A18-497D-AD6D-CA3FAB7EFD2A}"
EndProject
Global
	GlobalSection(SolutionConfigurationPlatforms) = preSolution
		Debug|Any CPU = Debug|Any CPU
		Release|Any CPU = Release|Any CPU
	EndGlobalSection
	GlobalSection(ProjectConfigurationPlatforms) = postSolution
		{A58772A2-D17B-449C-AACC-AEFA6FB58B9A}.Debug|Any CPU.ActiveCfg = Debug|Any CPU
		{A58772A2-D17B-449C-AACC-AEFA6FB58B9A}.Debug|Any CPU.Build.0 = Debug|Any CPU
		{A58772A2-D17B-449C-AACC-AEFA6FB58B9A}.Release|Any CPU.ActiveCfg = Release|Any CPU
		{A58772A2-D17B-449C-AACC-AEFA6FB58B9A}.Release|Any CPU.Build.0 = Release|Any CPU
		{C3D49C0B-9CBB-47EF-B945-647431E582A9}.Debug|Any CPU.ActiveCfg = Debug|Any CPU
		{C3D49C0B-9CBB-47EF-B945-647431E582A9}.Debug|Any CPU.Build.0 = Debug|Any CPU
		{C3D49C0B-9CBB-47EF-B945-647431E582A9}.Release|Any CPU.ActiveCfg = Release|Any CPU
		{C3D49C0B-9CBB-47EF-B945-647431E582A9}.Release|Any CPU.Build.0 = Release|Any CPU
		{5BE3EB5E-A948-4F17-84E4-8B6F99D81A7C}.Debug|Any CPU.ActiveCfg = Debug|Any CPU
		{5BE3EB5E-A948-4F17-84E4-8B6F99D81A7C}.Debug|Any CPU.Build.0 = Debug|Any CPU
		{5BE3EB5E-A948-4F17-84E4-8B6F99D81A7C}.Release|Any CPU.ActiveCfg = Release|Any CPU
		{5BE3EB5E-A948-4F17-84E4-8B6F99D81A7C}.Release|Any CPU.Build.0 = Release|Any CPU
		{92E08204-CADC-489D-AB74-BD1BF435EC00}.Debug|Any CPU.ActiveCfg = Debug|Any CPU
		{92E08204-CADC-489D-AB74-BD1BF435EC00}.Debug|Any CPU.Build.0 = Debug|Any CPU
		{92E08204-CADC-489D-AB74-BD1BF435EC00}.Release|Any CPU.ActiveCfg = Release|Any CPU
		{92E08204-CADC-489D-AB74-BD1BF435EC00}.Release|Any CPU.Build.0 = Release|Any CPU
		{A345100B-2A18-497D-AD6D-CA3FAB7EFD2A}.Debug|Any CPU.ActiveCfg = Debug|Any CPU
		{A345100B-2A18-497D-AD6D-CA3FAB7EFD2A}.Debug|Any CPU.Build.0 = Debug|Any CPU
		{A345100B-2A18-497D-AD6D-CA3FAB7EFD2A}.Release|Any CPU.ActiveCfg = Release|Any CPU
		{A345100B-2A18-497D-AD6D-CA3FAB7EFD2A}.Release|Any CPU.Build.0 = Release|Any CPU
	EndGlobalSection
	GlobalSection(SolutionProperties) = preSolution
		HideSolutionNode = FALSE
	EndGlobalSection
	GlobalSection(ExtensibilityGlobals) = postSolution
		SolutionGuid = {64C0CCD8-689E-406B-98A4-EB6DC0398FA4}
	EndGlobalSection
EndGlobal
